Microsoft Visual Studio Solution File, Format Version 12.00
# Visual Studio Version 17
VisualStudioVersion = 17.5.2.0
MinimumVisualStudioVersion = 10.0.40219.1
Project("{FAE04EC0-301F-11D3-BF4B-00C04F79EFBC}") = "MyServerApp", "MyServerApp.csproj", "{AF1861DD-D1D6-1BC2-ED2F-58BBE0142C71}"
EndProject
Global
	GlobalSection(SolutionConfigurationPlatforms) = preSolution
		Debug|Any CPU = Debug|Any CPU
		Release|Any CPU = Release|Any CPU
	EndGlobalSection
	GlobalSection(ProjectConfigurationPlatforms) = postSolution
		{AF1861DD-D1D6-1BC2-ED2F-58BBE0142C71}.Debug|Any CPU.ActiveCfg = Debug|Any CPU
		{AF1861DD-D1D6-1BC2-ED2F-58BBE0142C71}.Debug|Any CPU.Build.0 = Debug|Any CPU
		{AF1861DD-D1D6-1BC2-ED2F-58BBE0142C71}.Release|Any CPU.ActiveCfg = Release|Any CPU
		{AF1861DD-D1D6-1BC2-ED2F-58BBE0142C71}.Release|Any CPU.Build.0 = Release|Any CPU
	EndGlobalSection
	GlobalSection(SolutionProperties) = preSolution
		HideSolutionNode = FALSE
	EndGlobalSection
	GlobalSection(ExtensibilityGlobals) = postSolution
		SolutionGuid = {F04D2567-FFC6-45D6-A573-F2C580796F27}
	EndGlobalSection
EndGlobal
